
Microsoft Visual Studio Solution File, Format Version 12.00
# Visual Studio Version 16
VisualStudioVersion = 16.0.35229.62
MinimumVisualStudioVersion = 10.0.40219.1
Project("{F184B08F-C81C-45F6-A57F-5ABD9991F28F}") = "WindowsApp2", "WindowsApp2\WindowsApp2.vbproj", "{51741E86-F4F2-4C91-9124-BD36E5A988F4}"
EndProject
Global
	GlobalSection(SolutionConfigurationPlatforms) = preSolution
		Debug|Any CPU = Debug|Any CPU
		Release|Any CPU = Release|Any CPU
	EndGlobalSection
	GlobalSection(ProjectConfigurationPlatforms) = postSolution
		{51741E86-F4F2-4C91-9124-BD36E5A988F4}.Debug|Any CPU.ActiveCfg = Debug|Any CPU
		{51741E86-F4F2-4C91-9124-BD36E5A988F4}.Debug|Any CPU.Build.0 = Debug|Any CPU
		{51741E86-F4F2-4C91-9124-BD36E5A988F4}.Release|Any CPU.ActiveCfg = Release|Any CPU
		{51741E86-F4F2-4C91-9124-BD36E5A988F4}.Release|Any CPU.Build.0 = Release|Any CPU
	EndGlobalSection
	GlobalSection(SolutionProperties) = preSolution
		HideSolutionNode = FALSE
	EndGlobalSection
	GlobalSection(ExtensibilityGlobals) = postSolution
		SolutionGuid = {A8ECFD4A-F714-452E-99A3-F8B0FDB30473}
	EndGlobalSection
EndGlobal
